packages:
  - name: dbt_utils
    package: dbt-labs/dbt_utils
    version: 1.3.2
  - name: stripe
    package: fivetran/stripe
    version: 1.2.0
  - name: fivetran_utils
    package: fivetran/fivetran_utils
    version: 0.4.11
  - name: spark_utils
    package: dbt-labs/spark_utils
    version: 0.3.3
sha1_hash: f1c6a425cbd74dec8f81d10585ff941258cbc8c8
